
Microsoft Visual Studio Solution File, Format Version 12.00
# Visual Studio Version 17
VisualStudioVersion = 17.0.31903.59
MinimumVisualStudioVersion = 10.0.40219.1
Project("{FAE04EC0-301F-11D3-BF4B-00C04F79EFBC}") = "backend", "backend.csproj", "{04FCE7C1-4D98-47A2-A29C-4177D9E364BD}"
EndProject
Project("{FAE04EC0-301F-11D3-BF4B-00C04F79EFBC}") = "Unit", "..\backend.Tests\Unit\Unit.csproj", "{9105CFEB-85EE-4F8D-AA78-8D8D7B78D0D7}"
EndProject
Project("{FAE04EC0-301F-11D3-BF4B-00C04F79EFBC}") = "Integration", "..\backend.Tests\Integration\Integration.csproj", "{A0F086B0-28B6-41F1-9EF9-8996A2F9EEEA}"
EndProject
Global
	GlobalSection(SolutionConfigurationPlatforms) = preSolution
		Debug|Any CPU = Debug|Any CPU
		Release|Any CPU = Release|Any CPU
	EndGlobalSection
	GlobalSection(SolutionProperties) = preSolution
		HideSolutionNode = FALSE
	EndGlobalSection
	GlobalSection(ProjectConfigurationPlatforms) = postSolution
		{04FCE7C1-4D98-47A2-A29C-4177D9E364BD}.Debug|Any CPU.ActiveCfg = Debug|Any CPU
		{04FCE7C1-4D98-47A2-A29C-4177D9E364BD}.Debug|Any CPU.Build.0 = Debug|Any CPU
		{04FCE7C1-4D98-47A2-A29C-4177D9E364BD}.Release|Any CPU.ActiveCfg = Release|Any CPU
		{04FCE7C1-4D98-47A2-A29C-4177D9E364BD}.Release|Any CPU.Build.0 = Release|Any CPU
		{9105CFEB-85EE-4F8D-AA78-8D8D7B78D0D7}.Debug|Any CPU.ActiveCfg = Debug|Any CPU
		{9105CFEB-85EE-4F8D-AA78-8D8D7B78D0D7}.Debug|Any CPU.Build.0 = Debug|Any CPU
		{9105CFEB-85EE-4F8D-AA78-8D8D7B78D0D7}.Release|Any CPU.ActiveCfg = Release|Any CPU
		{9105CFEB-85EE-4F8D-AA78-8D8D7B78D0D7}.Release|Any CPU.Build.0 = Release|Any CPU
		{A0F086B0-28B6-41F1-9EF9-8996A2F9EEEA}.Debug|Any CPU.ActiveCfg = Debug|Any CPU
		{A0F086B0-28B6-41F1-9EF9-8996A2F9EEEA}.Debug|Any CPU.Build.0 = Debug|Any CPU
		{A0F086B0-28B6-41F1-9EF9-8996A2F9EEEA}.Release|Any CPU.ActiveCfg = Release|Any CPU
		{A0F086B0-28B6-41F1-9EF9-8996A2F9EEEA}.Release|Any CPU.Build.0 = Release|Any CPU
	EndGlobalSection
EndGlobal
